
Microsoft Visual Studio Solution File, Format Version 12.00
# Visual Studio Version 17
VisualStudioVersion = 17.11.35208.52
MinimumVisualStudioVersion = 10.0.40219.1
Project("{FAE04EC0-301F-11D3-BF4B-00C04F79EFBC}") = "B_232410101084_utspbo", "B_232410101084_utspbo.csproj", "{5B55496F-B478-45AE-89CC-DEC0825AD092}"
EndProject
Global
	GlobalSection(SolutionConfigurationPlatforms) = preSolution
		Debug|Any CPU = Debug|Any CPU
		Release|Any CPU = Release|Any CPU
	EndGlobalSection
	GlobalSection(ProjectConfigurationPlatforms) = postSolution
		{5B55496F-B478-45AE-89CC-DEC0825AD092}.Debug|Any CPU.ActiveCfg = Debug|Any CPU
		{5B55496F-B478-45AE-89CC-DEC0825AD092}.Debug|Any CPU.Build.0 = Debug|Any CPU
		{5B55496F-B478-45AE-89CC-DEC0825AD092}.Release|Any CPU.ActiveCfg = Release|Any CPU
		{5B55496F-B478-45AE-89CC-DEC0825AD092}.Release|Any CPU.Build.0 = Release|Any CPU
	EndGlobalSection
	GlobalSection(SolutionProperties) = preSolution
		HideSolutionNode = FALSE
	EndGlobalSection
	GlobalSection(ExtensibilityGlobals) = postSolution
		SolutionGuid = {0C3B59F8-AFD3-4417-B6DA-B15328C4F800}
	EndGlobalSection
EndGlobal
